Microsoft Visual Studio Solution File, Format Version 12.00
# Visual Studio Version 17
VisualStudioVersion = 17.5.2.0
MinimumVisualStudioVersion = 10.0.40219.1
Project("{2150E333-8FDC-42A3-9474-1A3956D46DE8}") = "backend", "backend", "{1AE8ACA6-933B-BF2A-3671-3E2EAC007D16}"
EndProject
Project("{FAE04EC0-301F-11D3-BF4B-00C04F79EFBC}") = "ProductCatalog.Api", "backend\ProductCatalog.Api.csproj", "{2D985C13-B2F1-5C6F-BA98-1EB1D85FDDEB}"
EndProject
Global
	GlobalSection(SolutionConfigurationPlatforms) = preSolution
		Debug|Any CPU = Debug|Any CPU
		Release|Any CPU = Release|Any CPU
	EndGlobalSection
	GlobalSection(ProjectConfigurationPlatforms) = postSolution
		{2D985C13-B2F1-5C6F-BA98-1EB1D85FDDEB}.Debug|Any CPU.ActiveCfg = Debug|Any CPU
		{2D985C13-B2F1-5C6F-BA98-1EB1D85FDDEB}.Debug|Any CPU.Build.0 = Debug|Any CPU
		{2D985C13-B2F1-5C6F-BA98-1EB1D85FDDEB}.Release|Any CPU.ActiveCfg = Release|Any CPU
		{2D985C13-B2F1-5C6F-BA98-1EB1D85FDDEB}.Release|Any CPU.Build.0 = Release|Any CPU
	EndGlobalSection
	GlobalSection(SolutionProperties) = preSolution
		HideSolutionNode = FALSE
	EndGlobalSection
	GlobalSection(NestedProjects) = preSolution
		{2D985C13-B2F1-5C6F-BA98-1EB1D85FDDEB} = {1AE8ACA6-933B-BF2A-3671-3E2EAC007D16}
	EndGlobalSection
	GlobalSection(ExtensibilityGlobals) = postSolution
		SolutionGuid = {0689885A-C85B-4A70-A2DE-0DE146EA2392}
	EndGlobalSection
EndGlobal
